
Microsoft Visual Studio Solution File, Format Version 12.00
# Visual Studio Version 16
VisualStudioVersion = 16.0.29709.97
MinimumVisualStudioVersion = 10.0.40219.1
Project("{9A19103F-16F7-4668-BE54-9A1E7A4F7556}") = "QtrCAssignment", "QtrCAssignment\QtrCAssignment.csproj", "{4F887366-D72B-4A2E-B22C-A918DBA1D9D5}"
EndProject
Project("{2150E333-8FDC-42A3-9474-1A3956D46DE8}") = "Solution Items", "Solution Items", "{93EFADD3-9EEE-4170-97A9-61944605244E}"
EndProject
Global
	GlobalSection(SolutionConfigurationPlatforms) = preSolution
		Debug|Any CPU = Debug|Any CPU
		Release|Any CPU = Release|Any CPU
	EndGlobalSection
	GlobalSection(ProjectConfigurationPlatforms) = postSolution
		{4F887366-D72B-4A2E-B22C-A918DBA1D9D5}.Debug|Any CPU.ActiveCfg = Debug|Any CPU
		{4F887366-D72B-4A2E-B22C-A918DBA1D9D5}.Debug|Any CPU.Build.0 = Debug|Any CPU
		{4F887366-D72B-4A2E-B22C-A918DBA1D9D5}.Release|Any CPU.ActiveCfg = Release|Any CPU
		{4F887366-D72B-4A2E-B22C-A918DBA1D9D5}.Release|Any CPU.Build.0 = Release|Any CPU
	EndGlobalSection
	GlobalSection(SolutionProperties) = preSolution
		HideSolutionNode = FALSE
	EndGlobalSection
	GlobalSection(ExtensibilityGlobals) = postSolution
		SolutionGuid = {3A140068-FE3F-42DB-A961-E33CEBA4533F}
	EndGlobalSection
EndGlobal
